// !$*UTF8*$!
{
	archiveVersion = 1;
	classes = {
	};
	objectVersion = 56;
	objects = {

/* Begin PBXBuildFile section */
		16ECD85C2C13613000112840 /* KebappApp.swift in Sources */ = {isa = PBXBuildFile; fileRef = 16ECD85B2C13613000112840 /* KebappApp.swift */; };
		16ECD85E2C13613000112840 /* ContentView.swift in Sources */ = {isa = PBXBuildFile; fileRef = 16ECD85D2C13613000112840 /* ContentView.swift */; };
		16ECD8602C13613100112840 /* Assets.xcassets in Resources */ = {isa = PBXBuildFile; fileRef = 16ECD85F2C13613100112840 /* Assets.xcassets */; };
		16ECD8642C13613100112840 /* Preview Assets.xcassets in Resources */ = {isa = PBXBuildFile; fileRef = 16ECD8632C13613100112840 /* Preview Assets.xcassets */; };
		16ECD86E2C13613100112840 /* KebappTests.swift in Sources */ = {isa = PBXBuildFile; fileRef = 16ECD86D2C13613100112840 /* KebappTests.swift */; };
		16ECD8782C13613100112840 /* KebappUITests.swift in Sources */ = {isa = PBXBuildFile; fileRef = 16ECD8772C13613100112840 /* KebappUITests.swift */; };
		16ECD87A2C13613100112840 /* KebappUITestsLaunchTests.swift in Sources */ = {isa = PBXBuildFile; fileRef = 16ECD8792C13613100112840 /* KebappUITestsLaunchTests.swift */; };
		16ECD88C2C1361ED00112840 /* CheckboxToggleStyle.swift in Sources */ = {isa = PBXBuildFile; fileRef = 16ECD8862C1361ED00112840 /* CheckboxToggleStyle.swift */; };
		16ECD88D2C1361ED00112840 /* DurationTimeView.swift in Sources */ = {isa = PBXBuildFile; fileRef = 16ECD8882C1361ED00112840 /* DurationTimeView.swift */; };
		16ECD88E2C1361ED00112840 /* MeatTypeView.swift in Sources */ = {isa = PBXBuildFile; fileRef = 16ECD8892C1361ED00112840 /* MeatTypeView.swift */; };
                16ECD88F2C1361ED00112840 /* PeopleCountView.swift in Sources */ = {isa = PBXBuildFile; fileRef = 16ECD88A2C1361ED00112840 /* PeopleCountView.swift */; };
                b3d22a76b8d6921307d8a563 /* CalculatorModel.swift in Sources */ = {isa = PBXBuildFile; fileRef = d2318d1cc23f11ee3ffd208e /* CalculatorModel.swift */; };
                19df5e1ccb51a97badfd2667 /* CalculatorViewModel.swift in Sources */ = {isa = PBXBuildFile; fileRef = 6371035304508c71b33d8fcb /* CalculatorViewModel.swift */; };
                c1971352fb675b0006ef0864 /* ResultView.swift in Sources */ = {isa = PBXBuildFile; fileRef = 8d65a25fb15f9482c46e3cdf /* ResultView.swift */; };
/* End PBXBuildFile section */

/* Begin PBXContainerItemProxy section */
		16ECD86A2C13613100112840 /* PBXContainerItemProxy */ = {
			isa = PBXContainerItemProxy;
			containerPortal = 16ECD8502C13613000112840 /* Project object */;
			proxyType = 1;
			remoteGlobalIDString = 16ECD8572C13613000112840;
			remoteInfo = Kebapp;
		};
		16ECD8742C13613100112840 /* PBXContainerItemProxy */ = {
			isa = PBXContainerItemProxy;
			containerPortal = 16ECD8502C13613000112840 /* Project object */;
			proxyType = 1;
			remoteGlobalIDString = 16ECD8572C13613000112840;
			remoteInfo = Kebapp;
		};
/* End PBXContainerItemProxy section */

/* Begin PBXFileReference section */
		16ECD8582C13613000112840 /* Kebapp.app */ = {isa = PBXFileReference; explicitFileType = wrapper.application; includeInIndex = 0; path = Kebapp.app; sourceTree = BUILT_PRODUCTS_DIR; };
		16ECD85B2C13613000112840 /* KebappApp.swift */ = {isa = PBXFileReference; lastKnownFileType = sourcecode.swift; path = KebappApp.swift; sourceTree = "<group>"; };
		16ECD85D2C13613000112840 /* ContentView.swift */ = {isa = PBXFileReference; lastKnownFileType = sourcecode.swift; path = ContentView.swift; sourceTree = "<group>"; };
		16ECD85F2C13613100112840 /* Assets.xcassets */ = {isa = PBXFileReference; lastKnownFileType = folder.assetcatalog; path = Assets.xcassets; sourceTree = "<group>"; };
		16ECD8612C13613100112840 /* Kebapp.entitlements */ = {isa = PBXFileReference; lastKnownFileType = text.plist.entitlements; path = Kebapp.entitlements; sourceTree = "<group>"; };
		16ECD8632C13613100112840 /* Preview Assets.xcassets */ = {isa = PBXFileReference; lastKnownFileType = folder.assetcatalog; path = "Preview Assets.xcassets"; sourceTree = "<group>"; };
		16ECD8692C13613100112840 /* KebappTests.xctest */ = {isa = PBXFileReference; explicitFileType = wrapper.cfbundle; includeInIndex = 0; path = KebappTests.xctest; sourceTree = BUILT_PRODUCTS_DIR; };
		16ECD86D2C13613100112840 /* KebappTests.swift */ = {isa = PBXFileReference; lastKnownFileType = sourcecode.swift; path = KebappTests.swift; sourceTree = "<group>"; };
		16ECD8732C13613100112840 /* KebappUITests.xctest */ = {isa = PBXFileReference; explicitFileType = wrapper.cfbundle; includeInIndex = 0; path = KebappUITests.xctest; sourceTree = BUILT_PRODUCTS_DIR; };
		16ECD8772C13613100112840 /* KebappUITests.swift */ = {isa = PBXFileReference; lastKnownFileType = sourcecode.swift; path = KebappUITests.swift; sourceTree = "<group>"; };
		16ECD8792C13613100112840 /* KebappUITestsLaunchTests.swift */ = {isa = PBXFileReference; lastKnownFileType = sourcecode.swift; path = KebappUITestsLaunchTests.swift; sourceTree = "<group>"; };
		16ECD8862C1361ED00112840 /* CheckboxToggleStyle.swift */ = {isa = PBXFileReference; fileEncoding = 4; lastKnownFileType = sourcecode.swift; path = CheckboxToggleStyle.swift; sourceTree = "<group>"; };
		16ECD8882C1361ED00112840 /* DurationTimeView.swift */ = {isa = PBXFileReference; fileEncoding = 4; lastKnownFileType = sourcecode.swift; path = DurationTimeView.swift; sourceTree = "<group>"; };
		16ECD8892C1361ED00112840 /* MeatTypeView.swift */ = {isa = PBXFileReference; fileEncoding = 4; lastKnownFileType = sourcecode.swift; path = MeatTypeView.swift; sourceTree = "<group>"; };
                16ECD88A2C1361ED00112840 /* PeopleCountView.swift */ = {isa = PBXFileReference; fileEncoding = 4; lastKnownFileType = sourcecode.swift; path = PeopleCountView.swift; sourceTree = "<group>"; };
                d2318d1cc23f11ee3ffd208e /* CalculatorModel.swift */ = {isa = PBXFileReference; lastKnownFileType = sourcecode.swift; path = CalculatorModel.swift; sourceTree = "<group>"; };
                6371035304508c71b33d8fcb /* CalculatorViewModel.swift */ = {isa = PBXFileReference; lastKnownFileType = sourcecode.swift; path = CalculatorViewModel.swift; sourceTree = "<group>"; };
                8d65a25fb15f9482c46e3cdf /* ResultView.swift */ = {isa = PBXFileReference; lastKnownFileType = sourcecode.swift; path = ResultView.swift; sourceTree = "<group>"; };
/* End PBXFileReference section */

/* Begin PBXFrameworksBuildPhase section */
		16ECD8552C13613000112840 /* Frameworks */ = {
			isa = PBXFrameworksBuildPhase;
			buildActionMask = 2147483647;
			files = (
			);
			runOnlyForDeploymentPostprocessing = 0;
		};
		16ECD8662C13613100112840 /* Frameworks */ = {
			isa = PBXFrameworksBuildPhase;
			buildActionMask = 2147483647;
			files = (
			);
			runOnlyForDeploymentPostprocessing = 0;
		};
		16ECD8702C13613100112840 /* Frameworks */ = {
			isa = PBXFrameworksBuildPhase;
			buildActionMask = 2147483647;
			files = (
			);
			runOnlyForDeploymentPostprocessing = 0;
		};
/* End PBXFrameworksBuildPhase section */

/* Begin PBXGroup section */
		16ECD84F2C13613000112840 = {
			isa = PBXGroup;
			children = (
				16ECD85A2C13613000112840 /* Kebapp */,
				16ECD86C2C13613100112840 /* KebappTests */,
				16ECD8762C13613100112840 /* KebappUITests */,
				16ECD8592C13613000112840 /* Products */,
			);
			sourceTree = "<group>";
		};
		16ECD8592C13613000112840 /* Products */ = {
			isa = PBXGroup;
			children = (
				16ECD8582C13613000112840 /* Kebapp.app */,
				16ECD8692C13613100112840 /* KebappTests.xctest */,
				16ECD8732C13613100112840 /* KebappUITests.xctest */,
			);
			name = Products;
			sourceTree = "<group>";
		};
               16ECD85A2C13613000112840 /* Kebapp */ = {
                       isa = PBXGroup;
                       children = (
                               16ECD8872C1361ED00112840 /* Styles */,
                               16ECD88B2C1361ED00112840 /* Subviews */,
                               112864c23cff4c0a0cc29627 /* Models */,
                               07e882b7b73d15867229fd09 /* ViewModels */,
                               16ECD85B2C13613000112840 /* KebappApp.swift */,
                               16ECD85D2C13613000112840 /* ContentView.swift */,
                               16ECD85F2C13613100112840 /* Assets.xcassets */,
                               16ECD8612C13613100112840 /* Kebapp.entitlements */,
                               16ECD8622C13613100112840 /* Preview Content */,
                       );
			path = Kebapp;
			sourceTree = "<group>";
		};
		16ECD8622C13613100112840 /* Preview Content */ = {
			isa = PBXGroup;
			children = (
				16ECD8632C13613100112840 /* Preview Assets.xcassets */,
			);
			path = "Preview Content";
			sourceTree = "<group>";
		};
		16ECD86C2C13613100112840 /* KebappTests */ = {
			isa = PBXGroup;
			children = (
				16ECD86D2C13613100112840 /* KebappTests.swift */,
			);
			path = KebappTests;
			sourceTree = "<group>";
		};
		16ECD8762C13613100112840 /* KebappUITests */ = {
			isa = PBXGroup;
			children = (
				16ECD8772C13613100112840 /* KebappUITests.swift */,
				16ECD8792C13613100112840 /* KebappUITestsLaunchTests.swift */,
			);
			path = KebappUITests;
			sourceTree = "<group>";
		};
		16ECD8872C1361ED00112840 /* Styles */ = {
			isa = PBXGroup;
			children = (
				16ECD8862C1361ED00112840 /* CheckboxToggleStyle.swift */,
			);
			path = Styles;
			sourceTree = "<group>";
		};
               16ECD88B2C1361ED00112840 /* Subviews */ = {
                       isa = PBXGroup;
                       children = (
                               16ECD8882C1361ED00112840 /* DurationTimeView.swift */,
                               16ECD8892C1361ED00112840 /* MeatTypeView.swift */,
                               16ECD88A2C1361ED00112840 /* PeopleCountView.swift */,
                               8d65a25fb15f9482c46e3cdf /* ResultView.swift */,
                       );
                       path = Subviews;
                       sourceTree = "<group>";
               };
                112864c23cff4c0a0cc29627 /* Models */ = {
                        isa = PBXGroup;
                        children = (
                                d2318d1cc23f11ee3ffd208e /* CalculatorModel.swift */,
                        );
                        path = Models;
                        sourceTree = "<group>";
                };
                07e882b7b73d15867229fd09 /* ViewModels */ = {
                        isa = PBXGroup;
                        children = (
                                6371035304508c71b33d8fcb /* CalculatorViewModel.swift */,
                        );
                        path = ViewModels;
                        sourceTree = "<group>";
                };
/* End PBXGroup section */

/* Begin PBXNativeTarget section */
		16ECD8572C13613000112840 /* Kebapp */ = {
			isa = PBXNativeTarget;
			buildConfigurationList = 16ECD87D2C13613100112840 /* Build configuration list for PBXNativeTarget "Kebapp" */;
			buildPhases = (
				16ECD8542C13613000112840 /* Sources */,
				16ECD8552C13613000112840 /* Frameworks */,
				16ECD8562C13613000112840 /* Resources */,
			);
			buildRules = (
			);
			dependencies = (
			);
			name = Kebapp;
			productName = Kebapp;
			productReference = 16ECD8582C13613000112840 /* Kebapp.app */;
			productType = "com.apple.product-type.application";
		};
		16ECD8682C13613100112840 /* KebappTests */ = {
			isa = PBXNativeTarget;
			buildConfigurationList = 16ECD8802C13613100112840 /* Build configuration list for PBXNativeTarget "KebappTests" */;
			buildPhases = (
				16ECD8652C13613100112840 /* Sources */,
				16ECD8662C13613100112840 /* Frameworks */,
				16ECD8672C13613100112840 /* Resources */,
			);
			buildRules = (
			);
			dependencies = (
				16ECD86B2C13613100112840 /* PBXTargetDependency */,
			);
			name = KebappTests;
			productName = KebappTests;
			productReference = 16ECD8692C13613100112840 /* KebappTests.xctest */;
			productType = "com.apple.product-type.bundle.unit-test";
		};
		16ECD8722C13613100112840 /* KebappUITests */ = {
			isa = PBXNativeTarget;
			buildConfigurationList = 16ECD8832C13613100112840 /* Build configuration list for PBXNativeTarget "KebappUITests" */;
			buildPhases = (
				16ECD86F2C13613100112840 /* Sources */,
				16ECD8702C13613100112840 /* Frameworks */,
				16ECD8712C13613100112840 /* Resources */,
			);
			buildRules = (
			);
			dependencies = (
				16ECD8752C13613100112840 /* PBXTargetDependency */,
			);
			name = KebappUITests;
			productName = KebappUITests;
			productReference = 16ECD8732C13613100112840 /* KebappUITests.xctest */;
			productType = "com.apple.product-type.bundle.ui-testing";
		};
/* End PBXNativeTarget section */

/* Begin PBXProject section */
		16ECD8502C13613000112840 /* Project object */ = {
			isa = PBXProject;
			attributes = {
				BuildIndependentTargetsInParallel = 1;
				LastSwiftUpdateCheck = 1540;
				LastUpgradeCheck = 1540;
				TargetAttributes = {
					16ECD8572C13613000112840 = {
						CreatedOnToolsVersion = 15.4;
					};
					16ECD8682C13613100112840 = {
						CreatedOnToolsVersion = 15.4;
						TestTargetID = 16ECD8572C13613000112840;
					};
					16ECD8722C13613100112840 = {
						CreatedOnToolsVersion = 15.4;
						TestTargetID = 16ECD8572C13613000112840;
					};
				};
			};
			buildConfigurationList = 16ECD8532C13613000112840 /* Build configuration list for PBXProject "Kebapp" */;
			compatibilityVersion = "Xcode 14.0";
			developmentRegion = en;
			hasScannedForEncodings = 0;
			knownRegions = (
				en,
				Base,
			);
			mainGroup = 16ECD84F2C13613000112840;
			productRefGroup = 16ECD8592C13613000112840 /* Products */;
			projectDirPath = "";
			projectRoot = "";
			targets = (
				16ECD8572C13613000112840 /* Kebapp */,
				16ECD8682C13613100112840 /* KebappTests */,
				16ECD8722C13613100112840 /* KebappUITests */,
			);
		};
/* End PBXProject section */

/* Begin PBXResourcesBuildPhase section */
		16ECD8562C13613000112840 /* Resources */ = {
			isa = PBXResourcesBuildPhase;
			buildActionMask = 2147483647;
			files = (
				16ECD8642C13613100112840 /* Preview Assets.xcassets in Resources */,
				16ECD8602C13613100112840 /* Assets.xcassets in Resources */,
			);
			runOnlyForDeploymentPostprocessing = 0;
		};
		16ECD8672C13613100112840 /* Resources */ = {
			isa = PBXResourcesBuildPhase;
			buildActionMask = 2147483647;
			files = (
			);
			runOnlyForDeploymentPostprocessing = 0;
		};
		16ECD8712C13613100112840 /* Resources */ = {
			isa = PBXResourcesBuildPhase;
			buildActionMask = 2147483647;
			files = (
			);
			runOnlyForDeploymentPostprocessing = 0;
		};
/* End PBXResourcesBuildPhase section */

/* Begin PBXSourcesBuildPhase section */
		16ECD8542C13613000112840 /* Sources */ = {
			isa = PBXSourcesBuildPhase;
			buildActionMask = 2147483647;
			files = (
                               16ECD88E2C1361ED00112840 /* MeatTypeView.swift in Sources */,
                               16ECD85E2C13613000112840 /* ContentView.swift in Sources */,
                               16ECD88D2C1361ED00112840 /* DurationTimeView.swift in Sources */,
                               16ECD88F2C1361ED00112840 /* PeopleCountView.swift in Sources */,
                               16ECD88C2C1361ED00112840 /* CheckboxToggleStyle.swift in Sources */,
                               16ECD85C2C13613000112840 /* KebappApp.swift in Sources */,
                               b3d22a76b8d6921307d8a563 /* CalculatorModel.swift in Sources */,
                               19df5e1ccb51a97badfd2667 /* CalculatorViewModel.swift in Sources */,
                               c1971352fb675b0006ef0864 /* ResultView.swift in Sources */,
                       );
			runOnlyForDeploymentPostprocessing = 0;
		};
		16ECD8652C13613100112840 /* Sources */ = {
			isa = PBXSourcesBuildPhase;
			buildActionMask = 2147483647;
			files = (
				16ECD86E2C13613100112840 /* KebappTests.swift in Sources */,
			);
			runOnlyForDeploymentPostprocessing = 0;
		};
		16ECD86F2C13613100112840 /* Sources */ = {
			isa = PBXSourcesBuildPhase;
			buildActionMask = 2147483647;
			files = (
				16ECD8782C13613100112840 /* KebappUITests.swift in Sources */,
				16ECD87A2C13613100112840 /* KebappUITestsLaunchTests.swift in Sources */,
			);
			runOnlyForDeploymentPostprocessing = 0;
		};
/* End PBXSourcesBuildPhase section */

/* Begin PBXTargetDependency section */
		16ECD86B2C13613100112840 /* PBXTargetDependency */ = {
			isa = PBXTargetDependency;
			target = 16ECD8572C13613000112840 /* Kebapp */;
			targetProxy = 16ECD86A2C13613100112840 /* PBXContainerItemProxy */;
		};
		16ECD8752C13613100112840 /* PBXTargetDependency */ = {
			isa = PBXTargetDependency;
			target = 16ECD8572C13613000112840 /* Kebapp */;
			targetProxy = 16ECD8742C13613100112840 /* PBXContainerItemProxy */;
		};
/* End PBXTargetDependency section */

/* Begin XCBuildConfiguration section */
		16ECD87B2C13613100112840 /* Debug */ = {
			isa = XCBuildConfiguration;
			buildSettings = {
				ALWAYS_SEARCH_USER_PATHS = NO;
				ASSETCATALOG_COMPILER_GENERATE_SWIFT_ASSET_SYMBOL_EXTENSIONS = YES;
				CLANG_ANALYZER_NONNULL = YES;
				CLANG_ANALYZER_NUMBER_OBJECT_CONVERSION = YES_AGGRESSIVE;
				CLANG_CXX_LANGUAGE_STANDARD = "gnu++20";
				CLANG_ENABLE_MODULES = YES;
				CLANG_ENABLE_OBJC_ARC = YES;
				CLANG_ENABLE_OBJC_WEAK = YES;
				CLANG_WARN_BLOCK_CAPTURE_AUTORELEASING = YES;
				CLANG_WARN_BOOL_CONVERSION = YES;
				CLANG_WARN_COMMA = YES;
				CLANG_WARN_CONSTANT_CONVERSION = YES;
				CLANG_WARN_DEPRECATED_OBJC_IMPLEMENTATIONS = YES;
				CLANG_WARN_DIRECT_OBJC_ISA_USAGE = YES_ERROR;
				CLANG_WARN_DOCUMENTATION_COMMENTS = YES;
				CLANG_WARN_EMPTY_BODY = YES;
				CLANG_WARN_ENUM_CONVERSION = YES;
				CLANG_WARN_INFINITE_RECURSION = YES;
				CLANG_WARN_INT_CONVERSION = YES;
				CLANG_WARN_NON_LITERAL_NULL_CONVERSION = YES;
				CLANG_WARN_OBJC_IMPLICIT_RETAIN_SELF = YES;
				CLANG_WARN_OBJC_LITERAL_CONVERSION = YES;
				CLANG_WARN_OBJC_ROOT_CLASS = YES_ERROR;
				CLANG_WARN_QUOTED_INCLUDE_IN_FRAMEWORK_HEADER = YES;
				CLANG_WARN_RANGE_LOOP_ANALYSIS = YES;
				CLANG_WARN_STRICT_PROTOTYPES = YES;
				CLANG_WARN_SUSPICIOUS_MOVE = YES;
				CLANG_WARN_UNGUARDED_AVAILABILITY = YES_AGGRESSIVE;
				CLANG_WARN_UNREACHABLE_CODE = YES;
				CLANG_WARN__DUPLICATE_METHOD_MATCH = YES;
				COPY_PHASE_STRIP = NO;
				DEBUG_INFORMATION_FORMAT = dwarf;
				ENABLE_STRICT_OBJC_MSGSEND = YES;
				ENABLE_TESTABILITY = YES;
				ENABLE_USER_SCRIPT_SANDBOXING = YES;
				GCC_C_LANGUAGE_STANDARD = gnu17;
				GCC_DYNAMIC_NO_PIC = NO;
				GCC_NO_COMMON_BLOCKS = YES;
				GCC_OPTIMIZATION_LEVEL = 0;
				GCC_PREPROCESSOR_DEFINITIONS = (
					"DEBUG=1",
					"$(inherited)",
				);
				GCC_WARN_64_TO_32_BIT_CONVERSION = YES;
				GCC_WARN_ABOUT_RETURN_TYPE = YES_ERROR;
				GCC_WARN_UNDECLARED_SELECTOR = YES;
				GCC_WARN_UNINITIALIZED_AUTOS = YES_AGGRESSIVE;
				GCC_WARN_UNUSED_FUNCTION = YES;
				GCC_WARN_UNUSED_VARIABLE = YES;
				LOCALIZATION_PREFERS_STRING_CATALOGS = YES;
				MTL_ENABLE_DEBUG_INFO = INCLUDE_SOURCE;
				MTL_FAST_MATH = YES;
				ONLY_ACTIVE_ARCH = YES;
				SWIFT_ACTIVE_COMPILATION_CONDITIONS = "DEBUG $(inherited)";
				SWIFT_OPTIMIZATION_LEVEL = "-Onone";
			};
			name = Debug;
		};
		16ECD87C2C13613100112840 /* Release */ = {
			isa = XCBuildConfiguration;
			buildSettings = {
				ALWAYS_SEARCH_USER_PATHS = NO;
				ASSETCATALOG_COMPILER_GENERATE_SWIFT_ASSET_SYMBOL_EXTENSIONS = YES;
				CLANG_ANALYZER_NONNULL = YES;
				CLANG_ANALYZER_NUMBER_OBJECT_CONVERSION = YES_AGGRESSIVE;
				CLANG_CXX_LANGUAGE_STANDARD = "gnu++20";
				CLANG_ENABLE_MODULES = YES;
				CLANG_ENABLE_OBJC_ARC = YES;
				CLANG_ENABLE_OBJC_WEAK = YES;
				CLANG_WARN_BLOCK_CAPTURE_AUTORELEASING = YES;
				CLANG_WARN_BOOL_CONVERSION = YES;
				CLANG_WARN_COMMA = YES;
				CLANG_WARN_CONSTANT_CONVERSION = YES;
				CLANG_WARN_DEPRECATED_OBJC_IMPLEMENTATIONS = YES;
				CLANG_WARN_DIRECT_OBJC_ISA_USAGE = YES_ERROR;
				CLANG_WARN_DOCUMENTATION_COMMENTS = YES;
				CLANG_WARN_EMPTY_BODY = YES;
				CLANG_WARN_ENUM_CONVERSION = YES;
				CLANG_WARN_INFINITE_RECURSION = YES;
				CLANG_WARN_INT_CONVERSION = YES;
				CLANG_WARN_NON_LITERAL_NULL_CONVERSION = YES;
				CLANG_WARN_OBJC_IMPLICIT_RETAIN_SELF = YES;
				CLANG_WARN_OBJC_LITERAL_CONVERSION = YES;
				CLANG_WARN_OBJC_ROOT_CLASS = YES_ERROR;
				CLANG_WARN_QUOTED_INCLUDE_IN_FRAMEWORK_HEADER = YES;
				CLANG_WARN_RANGE_LOOP_ANALYSIS = YES;
				CLANG_WARN_STRICT_PROTOTYPES = YES;
				CLANG_WARN_SUSPICIOUS_MOVE = YES;
				CLANG_WARN_UNGUARDED_AVAILABILITY = YES_AGGRESSIVE;
				CLANG_WARN_UNREACHABLE_CODE = YES;
				CLANG_WARN__DUPLICATE_METHOD_MATCH = YES;
				COPY_PHASE_STRIP = NO;
				DEBUG_INFORMATION_FORMAT = "dwarf-with-dsym";
				ENABLE_NS_ASSERTIONS = NO;
				ENABLE_STRICT_OBJC_MSGSEND = YES;
				ENABLE_USER_SCRIPT_SANDBOXING = YES;
				GCC_C_LANGUAGE_STANDARD = gnu17;
				GCC_NO_COMMON_BLOCKS = YES;
				GCC_WARN_64_TO_32_BIT_CONVERSION = YES;
				GCC_WARN_ABOUT_RETURN_TYPE = YES_ERROR;
				GCC_WARN_UNDECLARED_SELECTOR = YES;
				GCC_WARN_UNINITIALIZED_AUTOS = YES_AGGRESSIVE;
				GCC_WARN_UNUSED_FUNCTION = YES;
				GCC_WARN_UNUSED_VARIABLE = YES;
				LOCALIZATION_PREFERS_STRING_CATALOGS = YES;
				MTL_ENABLE_DEBUG_INFO = NO;
				MTL_FAST_MATH = YES;
				SWIFT_COMPILATION_MODE = wholemodule;
			};
			name = Release;
		};
		16ECD87E2C13613100112840 /* Debug */ = {
			isa = XCBuildConfiguration;
			buildSettings = {
				ASSETCATALOG_COMPILER_APPICON_NAME = AppIcon;
				ASSETCATALOG_COMPILER_GLOBAL_ACCENT_COLOR_NAME = AccentColor;
				CODE_SIGN_ENTITLEMENTS = Kebapp/Kebapp.entitlements;
				CODE_SIGN_STYLE = Automatic;
				CURRENT_PROJECT_VERSION = 1;
				DEVELOPMENT_ASSET_PATHS = "\"Kebapp/Preview Content\"";
				DEVELOPMENT_TEAM = F6VBW62Q5Y;
				ENABLE_HARDENED_RUNTIME = YES;
				ENABLE_PREVIEWS = YES;
				GENERATE_INFOPLIST_FILE = YES;
				"INFOPLIST_KEY_UIApplicationSceneManifest_Generation[sdk=iphoneos*]" = YES;
				"INFOPLIST_KEY_UIApplicationSceneManifest_Generation[sdk=iphonesimulator*]" = YES;
				"INFOPLIST_KEY_UIApplicationSupportsIndirectInputEvents[sdk=iphoneos*]" = YES;
				"INFOPLIST_KEY_UIApplicationSupportsIndirectInputEvents[sdk=iphonesimulator*]" = YES;
				"INFOPLIST_KEY_UILaunchScreen_Generation[sdk=iphoneos*]" = YES;
				"INFOPLIST_KEY_UILaunchScreen_Generation[sdk=iphonesimulator*]" = YES;
				"INFOPLIST_KEY_UIStatusBarStyle[sdk=iphoneos*]" = UIStatusBarStyleDefault;
				"INFOPLIST_KEY_UIStatusBarStyle[sdk=iphonesimulator*]" = UIStatusBarStyleDefault;
				INFOPLIST_KEY_UISupportedInterfaceOrientations_iPad = "UIInterfaceOrientationPortrait UIInterfaceOrientationPortraitUpsideDown UIInterfaceOrientationLandscapeLeft UIInterfaceOrientationLandscapeRight";
				INFOPLIST_KEY_UISupportedInterfaceOrientations_iPhone = "UIInterfaceOrientationPortrait UIInterfaceOrientationLandscapeLeft UIInterfaceOrientationLandscapeRight";
				IPHONEOS_DEPLOYMENT_TARGET = 17.5;
				LD_RUNPATH_SEARCH_PATHS = "@executable_path/Frameworks";
				"LD_RUNPATH_SEARCH_PATHS[sdk=macosx*]" = "@executable_path/../Frameworks";
				MACOSX_DEPLOYMENT_TARGET = 14.5;
				MARKETING_VERSION = 1.0;
				PRODUCT_BUNDLE_IDENTIFIER = ru.varfolomeev.Kebapp;
				PRODUCT_NAME = "$(TARGET_NAME)";
				SDKROOT = auto;
				SUPPORTED_PLATFORMS = "iphoneos iphonesimulator macosx";
				SWIFT_EMIT_LOC_STRINGS = YES;
				SWIFT_VERSION = 5.0;
				TARGETED_DEVICE_FAMILY = "1,2";
			};
			name = Debug;
		};
		16ECD87F2C13613100112840 /* Release */ = {
			isa = XCBuildConfiguration;
			buildSettings = {
				ASSETCATALOG_COMPILER_APPICON_NAME = AppIcon;
				ASSETCATALOG_COMPILER_GLOBAL_ACCENT_COLOR_NAME = AccentColor;
				CODE_SIGN_ENTITLEMENTS = Kebapp/Kebapp.entitlements;
				CODE_SIGN_STYLE = Automatic;
				CURRENT_PROJECT_VERSION = 1;
				DEVELOPMENT_ASSET_PATHS = "\"Kebapp/Preview Content\"";
				DEVELOPMENT_TEAM = F6VBW62Q5Y;
				ENABLE_HARDENED_RUNTIME = YES;
				ENABLE_PREVIEWS = YES;
				GENERATE_INFOPLIST_FILE = YES;
				"INFOPLIST_KEY_UIApplicationSceneManifest_Generation[sdk=iphoneos*]" = YES;
				"INFOPLIST_KEY_UIApplicationSceneManifest_Generation[sdk=iphonesimulator*]" = YES;
				"INFOPLIST_KEY_UIApplicationSupportsIndirectInputEvents[sdk=iphoneos*]" = YES;
				"INFOPLIST_KEY_UIApplicationSupportsIndirectInputEvents[sdk=iphonesimulator*]" = YES;
				"INFOPLIST_KEY_UILaunchScreen_Generation[sdk=iphoneos*]" = YES;
				"INFOPLIST_KEY_UILaunchScreen_Generation[sdk=iphonesimulator*]" = YES;
				"INFOPLIST_KEY_UIStatusBarStyle[sdk=iphoneos*]" = UIStatusBarStyleDefault;
				"INFOPLIST_KEY_UIStatusBarStyle[sdk=iphonesimulator*]" = UIStatusBarStyleDefault;
				INFOPLIST_KEY_UISupportedInterfaceOrientations_iPad = "UIInterfaceOrientationPortrait UIInterfaceOrientationPortraitUpsideDown UIInterfaceOrientationLandscapeLeft UIInterfaceOrientationLandscapeRight";
				INFOPLIST_KEY_UISupportedInterfaceOrientations_iPhone = "UIInterfaceOrientationPortrait UIInterfaceOrientationLandscapeLeft UIInterfaceOrientationLandscapeRight";
				IPHONEOS_DEPLOYMENT_TARGET = 17.5;
				LD_RUNPATH_SEARCH_PATHS = "@executable_path/Frameworks";
				"LD_RUNPATH_SEARCH_PATHS[sdk=macosx*]" = "@executable_path/../Frameworks";
				MACOSX_DEPLOYMENT_TARGET = 14.5;
				MARKETING_VERSION = 1.0;
				PRODUCT_BUNDLE_IDENTIFIER = ru.varfolomeev.Kebapp;
				PRODUCT_NAME = "$(TARGET_NAME)";
				SDKROOT = auto;
				SUPPORTED_PLATFORMS = "iphoneos iphonesimulator macosx";
				SWIFT_EMIT_LOC_STRINGS = YES;
				SWIFT_VERSION = 5.0;
				TARGETED_DEVICE_FAMILY = "1,2";
			};
			name = Release;
		};
		16ECD8812C13613100112840 /* Debug */ = {
			isa = XCBuildConfiguration;
			buildSettings = {
				ALWAYS_EMBED_SWIFT_STANDARD_LIBRARIES = YES;
				BUNDLE_LOADER = "$(TEST_HOST)";
				CODE_SIGN_STYLE = Automatic;
				CURRENT_PROJECT_VERSION = 1;
				DEVELOPMENT_TEAM = F6VBW62Q5Y;
				GENERATE_INFOPLIST_FILE = YES;
				IPHONEOS_DEPLOYMENT_TARGET = 17.5;
				MACOSX_DEPLOYMENT_TARGET = 14.5;
				MARKETING_VERSION = 1.0;
				PRODUCT_BUNDLE_IDENTIFIER = ru.varfolomeev.KebappTests;
				PRODUCT_NAME = "$(TARGET_NAME)";
				SDKROOT = auto;
				SUPPORTED_PLATFORMS = "iphoneos iphonesimulator macosx";
				SWIFT_EMIT_LOC_STRINGS = NO;
				SWIFT_VERSION = 5.0;
				TARGETED_DEVICE_FAMILY = "1,2";
				TEST_HOST = "$(BUILT_PRODUCTS_DIR)/Kebapp.app/$(BUNDLE_EXECUTABLE_FOLDER_PATH)/Kebapp";
			};
			name = Debug;
		};
		16ECD8822C13613100112840 /* Release */ = {
			isa = XCBuildConfiguration;
			buildSettings = {
				ALWAYS_EMBED_SWIFT_STANDARD_LIBRARIES = YES;
				BUNDLE_LOADER = "$(TEST_HOST)";
				CODE_SIGN_STYLE = Automatic;
				CURRENT_PROJECT_VERSION = 1;
				DEVELOPMENT_TEAM = F6VBW62Q5Y;
				GENERATE_INFOPLIST_FILE = YES;
				IPHONEOS_DEPLOYMENT_TARGET = 17.5;
				MACOSX_DEPLOYMENT_TARGET = 14.5;
				MARKETING_VERSION = 1.0;
				PRODUCT_BUNDLE_IDENTIFIER = ru.varfolomeev.KebappTests;
				PRODUCT_NAME = "$(TARGET_NAME)";
				SDKROOT = auto;
				SUPPORTED_PLATFORMS = "iphoneos iphonesimulator macosx";
				SWIFT_EMIT_LOC_STRINGS = NO;
				SWIFT_VERSION = 5.0;
				TARGETED_DEVICE_FAMILY = "1,2";
				TEST_HOST = "$(BUILT_PRODUCTS_DIR)/Kebapp.app/$(BUNDLE_EXECUTABLE_FOLDER_PATH)/Kebapp";
			};
			name = Release;
		};
		16ECD8842C13613100112840 /* Debug */ = {
			isa = XCBuildConfiguration;
			buildSettings = {
				ALWAYS_EMBED_SWIFT_STANDARD_LIBRARIES = YES;
				CODE_SIGN_STYLE = Automatic;
				CURRENT_PROJECT_VERSION = 1;
				DEVELOPMENT_TEAM = F6VBW62Q5Y;
				GENERATE_INFOPLIST_FILE = YES;
				IPHONEOS_DEPLOYMENT_TARGET = 17.5;
				MACOSX_DEPLOYMENT_TARGET = 14.5;
				MARKETING_VERSION = 1.0;
				PRODUCT_BUNDLE_IDENTIFIER = ru.varfolomeev.KebappUITests;
				PRODUCT_NAME = "$(TARGET_NAME)";
				SDKROOT = auto;
				SUPPORTED_PLATFORMS = "iphoneos iphonesimulator macosx";
				SWIFT_EMIT_LOC_STRINGS = NO;
				SWIFT_VERSION = 5.0;
				TARGETED_DEVICE_FAMILY = "1,2";
				TEST_TARGET_NAME = Kebapp;
			};
			name = Debug;
		};
		16ECD8852C13613100112840 /* Release */ = {
			isa = XCBuildConfiguration;
			buildSettings = {
				ALWAYS_EMBED_SWIFT_STANDARD_LIBRARIES = YES;
				CODE_SIGN_STYLE = Automatic;
				CURRENT_PROJECT_VERSION = 1;
				DEVELOPMENT_TEAM = F6VBW62Q5Y;
				GENERATE_INFOPLIST_FILE = YES;
				IPHONEOS_DEPLOYMENT_TARGET = 17.5;
				MACOSX_DEPLOYMENT_TARGET = 14.5;
				MARKETING_VERSION = 1.0;
				PRODUCT_BUNDLE_IDENTIFIER = ru.varfolomeev.KebappUITests;
				PRODUCT_NAME = "$(TARGET_NAME)";
				SDKROOT = auto;
				SUPPORTED_PLATFORMS = "iphoneos iphonesimulator macosx";
				SWIFT_EMIT_LOC_STRINGS = NO;
				SWIFT_VERSION = 5.0;
				TARGETED_DEVICE_FAMILY = "1,2";
				TEST_TARGET_NAME = Kebapp;
			};
			name = Release;
		};
/* End XCBuildConfiguration section */

/* Begin XCConfigurationList section */
		16ECD8532C13613000112840 /* Build configuration list for PBXProject "Kebapp" */ = {
			isa = XCConfigurationList;
			buildConfigurations = (
				16ECD87B2C13613100112840 /* Debug */,
				16ECD87C2C13613100112840 /* Release */,
			);
			defaultConfigurationIsVisible = 0;
			defaultConfigurationName = Release;
		};
		16ECD87D2C13613100112840 /* Build configuration list for PBXNativeTarget "Kebapp" */ = {
			isa = XCConfigurationList;
			buildConfigurations = (
				16ECD87E2C13613100112840 /* Debug */,
				16ECD87F2C13613100112840 /* Release */,
			);
			defaultConfigurationIsVisible = 0;
			defaultConfigurationName = Release;
		};
		16ECD8802C13613100112840 /* Build configuration list for PBXNativeTarget "KebappTests" */ = {
			isa = XCConfigurationList;
			buildConfigurations = (
				16ECD8812C13613100112840 /* Debug */,
				16ECD8822C13613100112840 /* Release */,
			);
			defaultConfigurationIsVisible = 0;
			defaultConfigurationName = Release;
		};
		16ECD8832C13613100112840 /* Build configuration list for PBXNativeTarget "KebappUITests" */ = {
			isa = XCConfigurationList;
			buildConfigurations = (
				16ECD8842C13613100112840 /* Debug */,
				16ECD8852C13613100112840 /* Release */,
			);
			defaultConfigurationIsVisible = 0;
			defaultConfigurationName = Release;
		};
/* End XCConfigurationList section */
	};
	rootObject = 16ECD8502C13613000112840 /* Project object */;
}
